// !$*UTF8*$!
{
	archiveVersion = 1;
	classes = {
	};
	objectVersion = 56;
	objects = {

/* Begin PBXBuildFile section */
		20B8375C2B78ED0C009FFAED /* RestApiTestApp.swift in Sources */ = {isa = PBXBuildFile; fileRef = 20B8375B2B78ED0C009FFAED /* RestApiTestApp.swift */; };
		20B8375E2B78ED0C009FFAED /* ContentView.swift in Sources */ = {isa = PBXBuildFile; fileRef = 20B8375D2B78ED0C009FFAED /* ContentView.swift */; };
		20B837602B78ED0D009FFAED /* Assets.xcassets in Resources */ = {isa = PBXBuildFile; fileRef = 20B8375F2B78ED0D009FFAED /* Assets.xcassets */; };
		20B837642B78ED0D009FFAED /* Preview Assets.xcassets in Resources */ = {isa = PBXBuildFile; fileRef = 20B837632B78ED0D009FFAED /* Preview Assets.xcassets */; };
		20B8376E2B78F1DF009FFAED /* Album.xcdatamodeld in Sources */ = {isa = PBXBuildFile; fileRef = 20B8376C2B78F1DF009FFAED /* Album.xcdatamodeld */; };
		20B837712B78F2AC009FFAED /* Persistent.swift in Sources */ = {isa = PBXBuildFile; fileRef = 20B837702B78F2AC009FFAED /* Persistent.swift */; };
		20B837732B78F9B9009FFAED /* API.swift in Sources */ = {isa = PBXBuildFile; fileRef = 20B837722B78F9B9009FFAED /* API.swift */; };
		20B837762B78FEF1009FFAED /* Album.swift in Sources */ = {isa = PBXBuildFile; fileRef = 20B837752B78FEF1009FFAED /* Album.swift */; };
/* End PBXBuildFile section */

/* Begin PBXFileReference section */
		20B837582B78ED0C009FFAED /* RestApiTest.app */ = {isa = PBXFileReference; explicitFileType = wrapper.application; includeInIndex = 0; path = RestApiTest.app; sourceTree = BUILT_PRODUCTS_DIR; };
		20B8375B2B78ED0C009FFAED /* RestApiTestApp.swift */ = {isa = PBXFileReference; lastKnownFileType = sourcecode.swift; path = RestApiTestApp.swift; sourceTree = "<group>"; };
		20B8375D2B78ED0C009FFAED /* ContentView.swift */ = {isa = PBXFileReference; lastKnownFileType = sourcecode.swift; path = ContentView.swift; sourceTree = "<group>"; };
		20B8375F2B78ED0D009FFAED /* Assets.xcassets */ = {isa = PBXFileReference; lastKnownFileType = folder.assetcatalog; path = Assets.xcassets; sourceTree = "<group>"; };
		20B837612B78ED0D009FFAED /* RestApiTest.entitlements */ = {isa = PBXFileReference; lastKnownFileType = text.plist.entitlements; path = RestApiTest.entitlements; sourceTree = "<group>"; };
		20B837632B78ED0D009FFAED /* Preview Assets.xcassets */ = {isa = PBXFileReference; lastKnownFileType = folder.assetcatalog; path = "Preview Assets.xcassets"; sourceTree = "<group>"; };
		20B8376D2B78F1DF009FFAED /* Album.xcdatamodel */ = {isa = PBXFileReference; lastKnownFileType = wrapper.xcdatamodel; path = Album.xcdatamodel; sourceTree = "<group>"; };
		20B837702B78F2AC009FFAED /* Persistent.swift */ = {isa = PBXFileReference; lastKnownFileType = sourcecode.swift; path = Persistent.swift; sourceTree = "<group>"; };
		20B837722B78F9B9009FFAED /* API.swift */ = {isa = PBXFileReference; lastKnownFileType = sourcecode.swift; path = API.swift; sourceTree = "<group>"; };
		20B837752B78FEF1009FFAED /* Album.swift */ = {isa = PBXFileReference; lastKnownFileType = sourcecode.swift; path = Album.swift; sourceTree = "<group>"; };
/* End PBXFileReference section */

/* Begin PBXFrameworksBuildPhase section */
		20B837552B78ED0C009FFAED /* Frameworks */ = {
			isa = PBXFrameworksBuildPhase;
			buildActionMask = 2147483647;
			files = (
			);
			runOnlyForDeploymentPostprocessing = 0;
		};
/* End PBXFrameworksBuildPhase section */

/* Begin PBXGroup section */
		20B8374F2B78ED0C009FFAED = {
			isa = PBXGroup;
			children = (
				20B8375A2B78ED0C009FFAED /* RestApiTest */,
				20B837592B78ED0C009FFAED /* Products */,
			);
			sourceTree = "<group>";
		};
		20B837592B78ED0C009FFAED /* Products */ = {
			isa = PBXGroup;
			children = (
				20B837582B78ED0C009FFAED /* RestApiTest.app */,
			);
			name = Products;
			sourceTree = "<group>";
		};
		20B8375A2B78ED0C009FFAED /* RestApiTest */ = {
			isa = PBXGroup;
			children = (
				20B8375B2B78ED0C009FFAED /* RestApiTestApp.swift */,
				20B8376B2B78ED2D009FFAED /* Components */,
				20B8376A2B78ED25009FFAED /* View */,
				20B8375F2B78ED0D009FFAED /* Assets.xcassets */,
				20B8376F2B78F28F009FFAED /* Utility */,
				20B837612B78ED0D009FFAED /* RestApiTest.entitlements */,
				20B837742B78FBD9009FFAED /* Model */,
				20B8376C2B78F1DF009FFAED /* Album.xcdatamodeld */,
				20B837622B78ED0D009FFAED /* Preview Content */,
			);
			path = RestApiTest;
			sourceTree = "<group>";
		};
		20B837622B78ED0D009FFAED /* Preview Content */ = {
			isa = PBXGroup;
			children = (
				20B837632B78ED0D009FFAED /* Preview Assets.xcassets */,
			);
			path = "Preview Content";
			sourceTree = "<group>";
		};
		20B8376A2B78ED25009FFAED /* View */ = {
			isa = PBXGroup;
			children = (
				20B8375D2B78ED0C009FFAED /* ContentView.swift */,
			);
			path = View;
			sourceTree = "<group>";
		};
		20B8376B2B78ED2D009FFAED /* Components */ = {
			isa = PBXGroup;
			children = (
			);
			path = Components;
			sourceTree = "<group>";
		};
		20B8376F2B78F28F009FFAED /* Utility */ = {
			isa = PBXGroup;
			children = (
				20B837702B78F2AC009FFAED /* Persistent.swift */,
				20B837722B78F9B9009FFAED /* API.swift */,
			);
			path = Utility;
			sourceTree = "<group>";
		};
		20B837742B78FBD9009FFAED /* Model */ = {
			isa = PBXGroup;
			children = (
				20B837752B78FEF1009FFAED /* Album.swift */,
			);
			path = Model;
			sourceTree = "<group>";
		};
/* End PBXGroup section */

/* Begin PBXNativeTarget section */
		20B837572B78ED0C009FFAED /* RestApiTest */ = {
			isa = PBXNativeTarget;
			buildConfigurationList = 20B837672B78ED0D009FFAED /* Build configuration list for PBXNativeTarget "RestApiTest" */;
			buildPhases = (
				20B837542B78ED0C009FFAED /* Sources */,
				20B837552B78ED0C009FFAED /* Frameworks */,
				20B837562B78ED0C009FFAED /* Resources */,
			);
			buildRules = (
			);
			dependencies = (
			);
			name = RestApiTest;
			productName = RestApiTest;
			productReference = 20B837582B78ED0C009FFAED /* RestApiTest.app */;
			productType = "com.apple.product-type.application";
		};
/* End PBXNativeTarget section */

/* Begin PBXProject section */
		20B837502B78ED0C009FFAED /* Project object */ = {
			isa = PBXProject;
			attributes = {
				BuildIndependentTargetsInParallel = 1;
				LastSwiftUpdateCheck = 1520;
				LastUpgradeCheck = 1520;
				TargetAttributes = {
					20B837572B78ED0C009FFAED = {
						CreatedOnToolsVersion = 15.2;
					};
				};
			};
			buildConfigurationList = 20B837532B78ED0C009FFAED /* Build configuration list for PBXProject "RestApiTest" */;
			compatibilityVersion = "Xcode 14.0";
			developmentRegion = en;
			hasScannedForEncodings = 0;
			knownRegions = (
				en,
				Base,
			);
			mainGroup = 20B8374F2B78ED0C009FFAED;
			productRefGroup = 20B837592B78ED0C009FFAED /* Products */;
			projectDirPath = "";
			projectRoot = "";
			targets = (
				20B837572B78ED0C009FFAED /* RestApiTest */,
			);
		};
/* End PBXProject section */

/* Begin PBXResourcesBuildPhase section */
		20B837562B78ED0C009FFAED /* Resources */ = {
			isa = PBXResourcesBuildPhase;
			buildActionMask = 2147483647;
			files = (
				20B837642B78ED0D009FFAED /* Preview Assets.xcassets in Resources */,
				20B837602B78ED0D009FFAED /* Assets.xcassets in Resources */,
			);
			runOnlyForDeploymentPostprocessing = 0;
		};
/* End PBXResourcesBuildPhase section */

/* Begin PBXSourcesBuildPhase section */
		20B837542B78ED0C009FFAED /* Sources */ = {
			isa = PBXSourcesBuildPhase;
			buildActionMask = 2147483647;
			files = (
				20B837712B78F2AC009FFAED /* Persistent.swift in Sources */,
				20B8376E2B78F1DF009FFAED /* Album.xcdatamodeld in Sources */,
				20B8375E2B78ED0C009FFAED /* ContentView.swift in Sources */,
				20B8375C2B78ED0C009FFAED /* RestApiTestApp.swift in Sources */,
				20B837732B78F9B9009FFAED /* API.swift in Sources */,
				20B837762B78FEF1009FFAED /* Album.swift in Sources */,
			);
			runOnlyForDeploymentPostprocessing = 0;
		};
/* End PBXSourcesBuildPhase section */

/* Begin XCBuildConfiguration section */
		20B837652B78ED0D009FFAED /* Debug */ = {
			isa = XCBuildConfiguration;
			buildSettings = {
				ALWAYS_SEARCH_USER_PATHS = NO;
				ASSETCATALOG_COMPILER_GENERATE_SWIFT_ASSET_SYMBOL_EXTENSIONS = YES;
				CLANG_ANALYZER_NONNULL = YES;
				CLANG_ANALYZER_NUMBER_OBJECT_CONVERSION = YES_AGGRESSIVE;
				CLANG_CXX_LANGUAGE_STANDARD = "gnu++20";
				CLANG_ENABLE_MODULES = YES;
				CLANG_ENABLE_OBJC_ARC = YES;
				CLANG_ENABLE_OBJC_WEAK = YES;
				CLANG_WARN_BLOCK_CAPTURE_AUTORELEASING = YES;
				CLANG_WARN_BOOL_CONVERSION = YES;
				CLANG_WARN_COMMA = YES;
				CLANG_WARN_CONSTANT_CONVERSION = YES;
				CLANG_WARN_DEPRECATED_OBJC_IMPLEMENTATIONS = YES;
				CLANG_WARN_DIRECT_OBJC_ISA_USAGE = YES_ERROR;
				CLANG_WARN_DOCUMENTATION_COMMENTS = YES;
				CLANG_WARN_EMPTY_BODY = YES;
				CLANG_WARN_ENUM_CONVERSION = YES;
				CLANG_WARN_INFINITE_RECURSION = YES;
				CLANG_WARN_INT_CONVERSION = YES;
				CLANG_WARN_NON_LITERAL_NULL_CONVERSION = YES;
				CLANG_WARN_OBJC_IMPLICIT_RETAIN_SELF = YES;
				CLANG_WARN_OBJC_LITERAL_CONVERSION = YES;
				CLANG_WARN_OBJC_ROOT_CLASS = YES_ERROR;
				CLANG_WARN_QUOTED_INCLUDE_IN_FRAMEWORK_HEADER = YES;
				CLANG_WARN_RANGE_LOOP_ANALYSIS = YES;
				CLANG_WARN_STRICT_PROTOTYPES = YES;
				CLANG_WARN_SUSPICIOUS_MOVE = YES;
				CLANG_WARN_UNGUARDED_AVAILABILITY = YES_AGGRESSIVE;
				CLANG_WARN_UNREACHABLE_CODE = YES;
				CLANG_WARN__DUPLICATE_METHOD_MATCH = YES;
				COPY_PHASE_STRIP = NO;
				DEBUG_INFORMATION_FORMAT = dwarf;
				ENABLE_STRICT_OBJC_MSGSEND = YES;
				ENABLE_TESTABILITY = YES;
				ENABLE_USER_SCRIPT_SANDBOXING = YES;
				GCC_C_LANGUAGE_STANDARD = gnu17;
				GCC_DYNAMIC_NO_PIC = NO;
				GCC_NO_COMMON_BLOCKS = YES;
				GCC_OPTIMIZATION_LEVEL = 0;
				GCC_PREPROCESSOR_DEFINITIONS = (
					"DEBUG=1",
					"$(inherited)",
				);
				GCC_WARN_64_TO_32_BIT_CONVERSION = YES;
				GCC_WARN_ABOUT_RETURN_TYPE = YES_ERROR;
				GCC_WARN_UNDECLARED_SELECTOR = YES;
				GCC_WARN_UNINITIALIZED_AUTOS = YES_AGGRESSIVE;
				GCC_WARN_UNUSED_FUNCTION = YES;
				GCC_WARN_UNUSED_VARIABLE = YES;
				LOCALIZATION_PREFERS_STRING_CATALOGS = YES;
				MTL_ENABLE_DEBUG_INFO = INCLUDE_SOURCE;
				MTL_FAST_MATH = YES;
				ONLY_ACTIVE_ARCH = YES;
				SWIFT_ACTIVE_COMPILATION_CONDITIONS = "DEBUG $(inherited)";
				SWIFT_OPTIMIZATION_LEVEL = "-Onone";
			};
			name = Debug;
		};
		20B837662B78ED0D009FFAED /* Release */ = {
			isa = XCBuildConfiguration;
			buildSettings = {
				ALWAYS_SEARCH_USER_PATHS = NO;
				ASSETCATALOG_COMPILER_GENERATE_SWIFT_ASSET_SYMBOL_EXTENSIONS = YES;
				CLANG_ANALYZER_NONNULL = YES;
				CLANG_ANALYZER_NUMBER_OBJECT_CONVERSION = YES_AGGRESSIVE;
				CLANG_CXX_LANGUAGE_STANDARD = "gnu++20";
				CLANG_ENABLE_MODULES = YES;
				CLANG_ENABLE_OBJC_ARC = YES;
				CLANG_ENABLE_OBJC_WEAK = YES;
				CLANG_WARN_BLOCK_CAPTURE_AUTORELEASING = YES;
				CLANG_WARN_BOOL_CONVERSION = YES;
				CLANG_WARN_COMMA = YES;
				CLANG_WARN_CONSTANT_CONVERSION = YES;
				CLANG_WARN_DEPRECATED_OBJC_IMPLEMENTATIONS = YES;
				CLANG_WARN_DIRECT_OBJC_ISA_USAGE = YES_ERROR;
				CLANG_WARN_DOCUMENTATION_COMMENTS = YES;
				CLANG_WARN_EMPTY_BODY = YES;
				CLANG_WARN_ENUM_CONVERSION = YES;
				CLANG_WARN_INFINITE_RECURSION = YES;
				CLANG_WARN_INT_CONVERSION = YES;
				CLANG_WARN_NON_LITERAL_NULL_CONVERSION = YES;
				CLANG_WARN_OBJC_IMPLICIT_RETAIN_SELF = YES;
				CLANG_WARN_OBJC_LITERAL_CONVERSION = YES;
				CLANG_WARN_OBJC_ROOT_CLASS = YES_ERROR;
				CLANG_WARN_QUOTED_INCLUDE_IN_FRAMEWORK_HEADER = YES;
				CLANG_WARN_RANGE_LOOP_ANALYSIS = YES;
				CLANG_WARN_STRICT_PROTOTYPES = YES;
				CLANG_WARN_SUSPICIOUS_MOVE = YES;
				CLANG_WARN_UNGUARDED_AVAILABILITY = YES_AGGRESSIVE;
				CLANG_WARN_UNREACHABLE_CODE = YES;
				CLANG_WARN__DUPLICATE_METHOD_MATCH = YES;
				COPY_PHASE_STRIP = NO;
				DEBUG_INFORMATION_FORMAT = "dwarf-with-dsym";
				ENABLE_NS_ASSERTIONS = NO;
				ENABLE_STRICT_OBJC_MSGSEND = YES;
				ENABLE_USER_SCRIPT_SANDBOXING = YES;
				GCC_C_LANGUAGE_STANDARD = gnu17;
				GCC_NO_COMMON_BLOCKS = YES;
				GCC_WARN_64_TO_32_BIT_CONVERSION = YES;
				GCC_WARN_ABOUT_RETURN_TYPE = YES_ERROR;
				GCC_WARN_UNDECLARED_SELECTOR = YES;
				GCC_WARN_UNINITIALIZED_AUTOS = YES_AGGRESSIVE;
				GCC_WARN_UNUSED_FUNCTION = YES;
				GCC_WARN_UNUSED_VARIABLE = YES;
				LOCALIZATION_PREFERS_STRING_CATALOGS = YES;
				MTL_ENABLE_DEBUG_INFO = NO;
				MTL_FAST_MATH = YES;
				SWIFT_COMPILATION_MODE = wholemodule;
			};
			name = Release;
		};
		20B837682B78ED0D009FFAED /* Debug */ = {
			isa = XCBuildConfiguration;
			buildSettings = {
				ASSETCATALOG_COMPILER_APPICON_NAME = AppIcon;
				ASSETCATALOG_COMPILER_GLOBAL_ACCENT_COLOR_NAME = AccentColor;
				CODE_SIGN_ENTITLEMENTS = RestApiTest/RestApiTest.entitlements;
				CODE_SIGN_STYLE = Automatic;
				CURRENT_PROJECT_VERSION = 1;
				DEVELOPMENT_ASSET_PATHS = "\"RestApiTest/Preview Content\"";
				DEVELOPMENT_TEAM = 44HS6M6H95;
				ENABLE_HARDENED_RUNTIME = YES;
				ENABLE_PREVIEWS = YES;
				GENERATE_INFOPLIST_FILE = YES;
				"INFOPLIST_KEY_UIApplicationSceneManifest_Generation[sdk=iphoneos*]" = YES;
				"INFOPLIST_KEY_UIApplicationSceneManifest_Generation[sdk=iphonesimulator*]" = YES;
				"INFOPLIST_KEY_UIApplicationSupportsIndirectInputEvents[sdk=iphoneos*]" = YES;
				"INFOPLIST_KEY_UIApplicationSupportsIndirectInputEvents[sdk=iphonesimulator*]" = YES;
				"INFOPLIST_KEY_UILaunchScreen_Generation[sdk=iphoneos*]" = YES;
				"INFOPLIST_KEY_UILaunchScreen_Generation[sdk=iphonesimulator*]" = YES;
				"INFOPLIST_KEY_UIStatusBarStyle[sdk=iphoneos*]" = UIStatusBarStyleDefault;
				"INFOPLIST_KEY_UIStatusBarStyle[sdk=iphonesimulator*]" = UIStatusBarStyleDefault;
				INFOPLIST_KEY_UISupportedInterfaceOrientations_iPad = "UIInterfaceOrientationPortrait UIInterfaceOrientationPortraitUpsideDown UIInterfaceOrientationLandscapeLeft UIInterfaceOrientationLandscapeRight";
				INFOPLIST_KEY_UISupportedInterfaceOrientations_iPhone = "UIInterfaceOrientationPortrait UIInterfaceOrientationLandscapeLeft UIInterfaceOrientationLandscapeRight";
				IPHONEOS_DEPLOYMENT_TARGET = 17.2;
				LD_RUNPATH_SEARCH_PATHS = "@executable_path/Frameworks";
				"LD_RUNPATH_SEARCH_PATHS[sdk=macosx*]" = "@executable_path/../Frameworks";
				MACOSX_DEPLOYMENT_TARGET = 14.2;
				MARKETING_VERSION = 1.0;
				PRODUCT_BUNDLE_IDENTIFIER = demo.RestApiTest;
				PRODUCT_NAME = "$(TARGET_NAME)";
				SDKROOT = auto;
				SUPPORTED_PLATFORMS = "iphoneos iphonesimulator macosx";
				SWIFT_EMIT_LOC_STRINGS = YES;
				SWIFT_VERSION = 5.0;
				TARGETED_DEVICE_FAMILY = "1,2";
			};
			name = Debug;
		};
		20B837692B78ED0D009FFAED /* Release */ = {
			isa = XCBuildConfiguration;
			buildSettings = {
				ASSETCATALOG_COMPILER_APPICON_NAME = AppIcon;
				ASSETCATALOG_COMPILER_GLOBAL_ACCENT_COLOR_NAME = AccentColor;
				CODE_SIGN_ENTITLEMENTS = RestApiTest/RestApiTest.entitlements;
				CODE_SIGN_STYLE = Automatic;
				CURRENT_PROJECT_VERSION = 1;
				DEVELOPMENT_ASSET_PATHS = "\"RestApiTest/Preview Content\"";
				DEVELOPMENT_TEAM = 44HS6M6H95;
				ENABLE_HARDENED_RUNTIME = YES;
				ENABLE_PREVIEWS = YES;
				GENERATE_INFOPLIST_FILE = YES;
				"INFOPLIST_KEY_UIApplicationSceneManifest_Generation[sdk=iphoneos*]" = YES;
				"INFOPLIST_KEY_UIApplicationSceneManifest_Generation[sdk=iphonesimulator*]" = YES;
				"INFOPLIST_KEY_UIApplicationSupportsIndirectInputEvents[sdk=iphoneos*]" = YES;
				"INFOPLIST_KEY_UIApplicationSupportsIndirectInputEvents[sdk=iphonesimulator*]" = YES;
				"INFOPLIST_KEY_UILaunchScreen_Generation[sdk=iphoneos*]" = YES;
				"INFOPLIST_KEY_UILaunchScreen_Generation[sdk=iphonesimulator*]" = YES;
				"INFOPLIST_KEY_UIStatusBarStyle[sdk=iphoneos*]" = UIStatusBarStyleDefault;
				"INFOPLIST_KEY_UIStatusBarStyle[sdk=iphonesimulator*]" = UIStatusBarStyleDefault;
				INFOPLIST_KEY_UISupportedInterfaceOrientations_iPad = "UIInterfaceOrientationPortrait UIInterfaceOrientationPortraitUpsideDown UIInterfaceOrientationLandscapeLeft UIInterfaceOrientationLandscapeRight";
				INFOPLIST_KEY_UISupportedInterfaceOrientations_iPhone = "UIInterfaceOrientationPortrait UIInterfaceOrientationLandscapeLeft UIInterfaceOrientationLandscapeRight";
				IPHONEOS_DEPLOYMENT_TARGET = 17.2;
				LD_RUNPATH_SEARCH_PATHS = "@executable_path/Frameworks";
				"LD_RUNPATH_SEARCH_PATHS[sdk=macosx*]" = "@executable_path/../Frameworks";
				MACOSX_DEPLOYMENT_TARGET = 14.2;
				MARKETING_VERSION = 1.0;
				PRODUCT_BUNDLE_IDENTIFIER = demo.RestApiTest;
				PRODUCT_NAME = "$(TARGET_NAME)";
				SDKROOT = auto;
				SUPPORTED_PLATFORMS = "iphoneos iphonesimulator macosx";
				SWIFT_EMIT_LOC_STRINGS = YES;
				SWIFT_VERSION = 5.0;
				TARGETED_DEVICE_FAMILY = "1,2";
			};
			name = Release;
		};
/* End XCBuildConfiguration section */

/* Begin XCConfigurationList section */
		20B837532B78ED0C009FFAED /* Build configuration list for PBXProject "RestApiTest" */ = {
			isa = XCConfigurationList;
			buildConfigurations = (
				20B837652B78ED0D009FFAED /* Debug */,
				20B837662B78ED0D009FFAED /* Release */,
			);
			defaultConfigurationIsVisible = 0;
			defaultConfigurationName = Release;
		};
		20B837672B78ED0D009FFAED /* Build configuration list for PBXNativeTarget "RestApiTest" */ = {
			isa = XCConfigurationList;
			buildConfigurations = (
				20B837682B78ED0D009FFAED /* Debug */,
				20B837692B78ED0D009FFAED /* Release */,
			);
			defaultConfigurationIsVisible = 0;
			defaultConfigurationName = Release;
		};
/* End XCConfigurationList section */

/* Begin XCVersionGroup section */
		20B8376C2B78F1DF009FFAED /* Album.xcdatamodeld */ = {
			isa = XCVersionGroup;
			children = (
				20B8376D2B78F1DF009FFAED /* Album.xcdatamodel */,
			);
			currentVersion = 20B8376D2B78F1DF009FFAED /* Album.xcdatamodel */;
			path = Album.xcdatamodeld;
			sourceTree = "<group>";
			versionGroupType = wrapper.xcdatamodel;
		};
/* End XCVersionGroup section */
	};
	rootObject = 20B837502B78ED0C009FFAED /* Project object */;
}
