// !$*UTF8*$!
{
	archiveVersion = 1;
	classes = {
	};
	objectVersion = 56;
	objects = {

/* Begin PBXBuildFile section */
		2080F1952B4299E100DF0742 /* SwiftActorApp.swift in Sources */ = {isa = PBXBuildFile; fileRef = 2080F1942B4299E100DF0742 /* SwiftActorApp.swift */; };
		2080F1972B4299E100DF0742 /* ContentView.swift in Sources */ = {isa = PBXBuildFile; fileRef = 2080F1962B4299E100DF0742 /* ContentView.swift */; };
		2080F1992B4299E200DF0742 /* Assets.xcassets in Resources */ = {isa = PBXBuildFile; fileRef = 2080F1982B4299E200DF0742 /* Assets.xcassets */; };
		2080F19C2B4299E200DF0742 /* Preview Assets.xcassets in Resources */ = {isa = PBXBuildFile; fileRef = 2080F19B2B4299E200DF0742 /* Preview Assets.xcassets */; };
		2080F1A32B429ADC00DF0742 /* ActorMessage.swift in Sources */ = {isa = PBXBuildFile; fileRef = 2080F1A22B429ADC00DF0742 /* ActorMessage.swift */; };
		2080F1A52B429F2800DF0742 /* IsolationView.swift in Sources */ = {isa = PBXBuildFile; fileRef = 2080F1A42B429F2800DF0742 /* IsolationView.swift */; };
		2080F1A72B42A11A00DF0742 /* ExampleActor.swift in Sources */ = {isa = PBXBuildFile; fileRef = 2080F1A62B42A11A00DF0742 /* ExampleActor.swift */; };
		2080F1A92B42A1D400DF0742 /* TimeStore.swift in Sources */ = {isa = PBXBuildFile; fileRef = 2080F1A82B42A1D400DF0742 /* TimeStore.swift */; };
		2080F1AB2B42A39E00DF0742 /* MainActor.swift in Sources */ = {isa = PBXBuildFile; fileRef = 2080F1AA2B42A39E00DF0742 /* MainActor.swift */; };
		2080F1AD2B42ABF800DF0742 /* TimeStoreMainaActor.swift in Sources */ = {isa = PBXBuildFile; fileRef = 2080F1AC2B42ABF800DF0742 /* TimeStoreMainaActor.swift */; };
/* End PBXBuildFile section */

/* Begin PBXFileReference section */
		2080F1912B4299E100DF0742 /* SwiftActor.app */ = {isa = PBXFileReference; explicitFileType = wrapper.application; includeInIndex = 0; path = SwiftActor.app; sourceTree = BUILT_PRODUCTS_DIR; };
		2080F1942B4299E100DF0742 /* SwiftActorApp.swift */ = {isa = PBXFileReference; lastKnownFileType = sourcecode.swift; path = SwiftActorApp.swift; sourceTree = "<group>"; };
		2080F1962B4299E100DF0742 /* ContentView.swift */ = {isa = PBXFileReference; lastKnownFileType = sourcecode.swift; path = ContentView.swift; sourceTree = "<group>"; };
		2080F1982B4299E200DF0742 /* Assets.xcassets */ = {isa = PBXFileReference; lastKnownFileType = folder.assetcatalog; path = Assets.xcassets; sourceTree = "<group>"; };
		2080F19B2B4299E200DF0742 /* Preview Assets.xcassets */ = {isa = PBXFileReference; lastKnownFileType = folder.assetcatalog; path = "Preview Assets.xcassets"; sourceTree = "<group>"; };
		2080F1A22B429ADC00DF0742 /* ActorMessage.swift */ = {isa = PBXFileReference; lastKnownFileType = sourcecode.swift; path = ActorMessage.swift; sourceTree = "<group>"; };
		2080F1A42B429F2800DF0742 /* IsolationView.swift */ = {isa = PBXFileReference; lastKnownFileType = sourcecode.swift; path = IsolationView.swift; sourceTree = "<group>"; };
		2080F1A62B42A11A00DF0742 /* ExampleActor.swift */ = {isa = PBXFileReference; lastKnownFileType = sourcecode.swift; path = ExampleActor.swift; sourceTree = "<group>"; };
		2080F1A82B42A1D400DF0742 /* TimeStore.swift */ = {isa = PBXFileReference; lastKnownFileType = sourcecode.swift; path = TimeStore.swift; sourceTree = "<group>"; };
		2080F1AA2B42A39E00DF0742 /* MainActor.swift */ = {isa = PBXFileReference; lastKnownFileType = sourcecode.swift; path = MainActor.swift; sourceTree = "<group>"; };
		2080F1AC2B42ABF800DF0742 /* TimeStoreMainaActor.swift */ = {isa = PBXFileReference; lastKnownFileType = sourcecode.swift; path = TimeStoreMainaActor.swift; sourceTree = "<group>"; };
/* End PBXFileReference section */

/* Begin PBXFrameworksBuildPhase section */
		2080F18E2B4299E100DF0742 /* Frameworks */ = {
			isa = PBXFrameworksBuildPhase;
			buildActionMask = 2147483647;
			files = (
			);
			runOnlyForDeploymentPostprocessing = 0;
		};
/* End PBXFrameworksBuildPhase section */

/* Begin PBXGroup section */
		2080F1882B4299E100DF0742 = {
			isa = PBXGroup;
			children = (
				2080F1932B4299E100DF0742 /* SwiftActor */,
				2080F1922B4299E100DF0742 /* Products */,
			);
			sourceTree = "<group>";
		};
		2080F1922B4299E100DF0742 /* Products */ = {
			isa = PBXGroup;
			children = (
				2080F1912B4299E100DF0742 /* SwiftActor.app */,
			);
			name = Products;
			sourceTree = "<group>";
		};
		2080F1932B4299E100DF0742 /* SwiftActor */ = {
			isa = PBXGroup;
			children = (
				2080F1942B4299E100DF0742 /* SwiftActorApp.swift */,
				2080F1962B4299E100DF0742 /* ContentView.swift */,
				2080F1A62B42A11A00DF0742 /* ExampleActor.swift */,
				2080F1A82B42A1D400DF0742 /* TimeStore.swift */,
				2080F1AA2B42A39E00DF0742 /* MainActor.swift */,
				2080F1A42B429F2800DF0742 /* IsolationView.swift */,
				2080F1A22B429ADC00DF0742 /* ActorMessage.swift */,
				2080F1AC2B42ABF800DF0742 /* TimeStoreMainaActor.swift */,
				2080F1982B4299E200DF0742 /* Assets.xcassets */,
				2080F19A2B4299E200DF0742 /* Preview Content */,
			);
			path = SwiftActor;
			sourceTree = "<group>";
		};
		2080F19A2B4299E200DF0742 /* Preview Content */ = {
			isa = PBXGroup;
			children = (
				2080F19B2B4299E200DF0742 /* Preview Assets.xcassets */,
			);
			path = "Preview Content";
			sourceTree = "<group>";
		};
/* End PBXGroup section */

/* Begin PBXNativeTarget section */
		2080F1902B4299E100DF0742 /* SwiftActor */ = {
			isa = PBXNativeTarget;
			buildConfigurationList = 2080F19F2B4299E200DF0742 /* Build configuration list for PBXNativeTarget "SwiftActor" */;
			buildPhases = (
				2080F18D2B4299E100DF0742 /* Sources */,
				2080F18E2B4299E100DF0742 /* Frameworks */,
				2080F18F2B4299E100DF0742 /* Resources */,
			);
			buildRules = (
			);
			dependencies = (
			);
			name = SwiftActor;
			productName = SwiftActor;
			productReference = 2080F1912B4299E100DF0742 /* SwiftActor.app */;
			productType = "com.apple.product-type.application";
		};
/* End PBXNativeTarget section */

/* Begin PBXProject section */
		2080F1892B4299E100DF0742 /* Project object */ = {
			isa = PBXProject;
			attributes = {
				BuildIndependentTargetsInParallel = 1;
				LastSwiftUpdateCheck = 1510;
				LastUpgradeCheck = 1510;
				TargetAttributes = {
					2080F1902B4299E100DF0742 = {
						CreatedOnToolsVersion = 15.1;
					};
				};
			};
			buildConfigurationList = 2080F18C2B4299E100DF0742 /* Build configuration list for PBXProject "SwiftActor" */;
			compatibilityVersion = "Xcode 14.0";
			developmentRegion = en;
			hasScannedForEncodings = 0;
			knownRegions = (
				en,
				Base,
			);
			mainGroup = 2080F1882B4299E100DF0742;
			productRefGroup = 2080F1922B4299E100DF0742 /* Products */;
			projectDirPath = "";
			projectRoot = "";
			targets = (
				2080F1902B4299E100DF0742 /* SwiftActor */,
			);
		};
/* End PBXProject section */

/* Begin PBXResourcesBuildPhase section */
		2080F18F2B4299E100DF0742 /* Resources */ = {
			isa = PBXResourcesBuildPhase;
			buildActionMask = 2147483647;
			files = (
				2080F19C2B4299E200DF0742 /* Preview Assets.xcassets in Resources */,
				2080F1992B4299E200DF0742 /* Assets.xcassets in Resources */,
			);
			runOnlyForDeploymentPostprocessing = 0;
		};
/* End PBXResourcesBuildPhase section */

/* Begin PBXSourcesBuildPhase section */
		2080F18D2B4299E100DF0742 /* Sources */ = {
			isa = PBXSourcesBuildPhase;
			buildActionMask = 2147483647;
			files = (
				2080F1AB2B42A39E00DF0742 /* MainActor.swift in Sources */,
				2080F1A92B42A1D400DF0742 /* TimeStore.swift in Sources */,
				2080F1A32B429ADC00DF0742 /* ActorMessage.swift in Sources */,
				2080F1972B4299E100DF0742 /* ContentView.swift in Sources */,
				2080F1952B4299E100DF0742 /* SwiftActorApp.swift in Sources */,
				2080F1A72B42A11A00DF0742 /* ExampleActor.swift in Sources */,
				2080F1A52B429F2800DF0742 /* IsolationView.swift in Sources */,
				2080F1AD2B42ABF800DF0742 /* TimeStoreMainaActor.swift in Sources */,
			);
			runOnlyForDeploymentPostprocessing = 0;
		};
/* End PBXSourcesBuildPhase section */

/* Begin XCBuildConfiguration section */
		2080F19D2B4299E200DF0742 /* Debug */ = {
			isa = XCBuildConfiguration;
			buildSettings = {
				ALWAYS_SEARCH_USER_PATHS = NO;
				ASSETCATALOG_COMPILER_GENERATE_SWIFT_ASSET_SYMBOL_EXTENSIONS = YES;
				CLANG_ANALYZER_NONNULL = YES;
				CLANG_ANALYZER_NUMBER_OBJECT_CONVERSION = YES_AGGRESSIVE;
				CLANG_CXX_LANGUAGE_STANDARD = "gnu++20";
				CLANG_ENABLE_MODULES = YES;
				CLANG_ENABLE_OBJC_ARC = YES;
				CLANG_ENABLE_OBJC_WEAK = YES;
				CLANG_WARN_BLOCK_CAPTURE_AUTORELEASING = YES;
				CLANG_WARN_BOOL_CONVERSION = YES;
				CLANG_WARN_COMMA = YES;
				CLANG_WARN_CONSTANT_CONVERSION = YES;
				CLANG_WARN_DEPRECATED_OBJC_IMPLEMENTATIONS = YES;
				CLANG_WARN_DIRECT_OBJC_ISA_USAGE = YES_ERROR;
				CLANG_WARN_DOCUMENTATION_COMMENTS = YES;
				CLANG_WARN_EMPTY_BODY = YES;
				CLANG_WARN_ENUM_CONVERSION = YES;
				CLANG_WARN_INFINITE_RECURSION = YES;
				CLANG_WARN_INT_CONVERSION = YES;
				CLANG_WARN_NON_LITERAL_NULL_CONVERSION = YES;
				CLANG_WARN_OBJC_IMPLICIT_RETAIN_SELF = YES;
				CLANG_WARN_OBJC_LITERAL_CONVERSION = YES;
				CLANG_WARN_OBJC_ROOT_CLASS = YES_ERROR;
				CLANG_WARN_QUOTED_INCLUDE_IN_FRAMEWORK_HEADER = YES;
				CLANG_WARN_RANGE_LOOP_ANALYSIS = YES;
				CLANG_WARN_STRICT_PROTOTYPES = YES;
				CLANG_WARN_SUSPICIOUS_MOVE = YES;
				CLANG_WARN_UNGUARDED_AVAILABILITY = YES_AGGRESSIVE;
				CLANG_WARN_UNREACHABLE_CODE = YES;
				CLANG_WARN__DUPLICATE_METHOD_MATCH = YES;
				COPY_PHASE_STRIP = NO;
				DEBUG_INFORMATION_FORMAT = dwarf;
				ENABLE_STRICT_OBJC_MSGSEND = YES;
				ENABLE_TESTABILITY = YES;
				ENABLE_USER_SCRIPT_SANDBOXING = YES;
				GCC_C_LANGUAGE_STANDARD = gnu17;
				GCC_DYNAMIC_NO_PIC = NO;
				GCC_NO_COMMON_BLOCKS = YES;
				GCC_OPTIMIZATION_LEVEL = 0;
				GCC_PREPROCESSOR_DEFINITIONS = (
					"DEBUG=1",
					"$(inherited)",
				);
				GCC_WARN_64_TO_32_BIT_CONVERSION = YES;
				GCC_WARN_ABOUT_RETURN_TYPE = YES_ERROR;
				GCC_WARN_UNDECLARED_SELECTOR = YES;
				GCC_WARN_UNINITIALIZED_AUTOS = YES_AGGRESSIVE;
				GCC_WARN_UNUSED_FUNCTION = YES;
				GCC_WARN_UNUSED_VARIABLE = YES;
				IPHONEOS_DEPLOYMENT_TARGET = 17.2;
				LOCALIZATION_PREFERS_STRING_CATALOGS = YES;
				MTL_ENABLE_DEBUG_INFO = INCLUDE_SOURCE;
				MTL_FAST_MATH = YES;
				ONLY_ACTIVE_ARCH = YES;
				SDKROOT = iphoneos;
				SWIFT_ACTIVE_COMPILATION_CONDITIONS = "DEBUG $(inherited)";
				SWIFT_OPTIMIZATION_LEVEL = "-Onone";
			};
			name = Debug;
		};
		2080F19E2B4299E200DF0742 /* Release */ = {
			isa = XCBuildConfiguration;
			buildSettings = {
				ALWAYS_SEARCH_USER_PATHS = NO;
				ASSETCATALOG_COMPILER_GENERATE_SWIFT_ASSET_SYMBOL_EXTENSIONS = YES;
				CLANG_ANALYZER_NONNULL = YES;
				CLANG_ANALYZER_NUMBER_OBJECT_CONVERSION = YES_AGGRESSIVE;
				CLANG_CXX_LANGUAGE_STANDARD = "gnu++20";
				CLANG_ENABLE_MODULES = YES;
				CLANG_ENABLE_OBJC_ARC = YES;
				CLANG_ENABLE_OBJC_WEAK = YES;
				CLANG_WARN_BLOCK_CAPTURE_AUTORELEASING = YES;
				CLANG_WARN_BOOL_CONVERSION = YES;
				CLANG_WARN_COMMA = YES;
				CLANG_WARN_CONSTANT_CONVERSION = YES;
				CLANG_WARN_DEPRECATED_OBJC_IMPLEMENTATIONS = YES;
				CLANG_WARN_DIRECT_OBJC_ISA_USAGE = YES_ERROR;
				CLANG_WARN_DOCUMENTATION_COMMENTS = YES;
				CLANG_WARN_EMPTY_BODY = YES;
				CLANG_WARN_ENUM_CONVERSION = YES;
				CLANG_WARN_INFINITE_RECURSION = YES;
				CLANG_WARN_INT_CONVERSION = YES;
				CLANG_WARN_NON_LITERAL_NULL_CONVERSION = YES;
				CLANG_WARN_OBJC_IMPLICIT_RETAIN_SELF = YES;
				CLANG_WARN_OBJC_LITERAL_CONVERSION = YES;
				CLANG_WARN_OBJC_ROOT_CLASS = YES_ERROR;
				CLANG_WARN_QUOTED_INCLUDE_IN_FRAMEWORK_HEADER = YES;
				CLANG_WARN_RANGE_LOOP_ANALYSIS = YES;
				CLANG_WARN_STRICT_PROTOTYPES = YES;
				CLANG_WARN_SUSPICIOUS_MOVE = YES;
				CLANG_WARN_UNGUARDED_AVAILABILITY = YES_AGGRESSIVE;
				CLANG_WARN_UNREACHABLE_CODE = YES;
				CLANG_WARN__DUPLICATE_METHOD_MATCH = YES;
				COPY_PHASE_STRIP = NO;
				DEBUG_INFORMATION_FORMAT = "dwarf-with-dsym";
				ENABLE_NS_ASSERTIONS = NO;
				ENABLE_STRICT_OBJC_MSGSEND = YES;
				ENABLE_USER_SCRIPT_SANDBOXING = YES;
				GCC_C_LANGUAGE_STANDARD = gnu17;
				GCC_NO_COMMON_BLOCKS = YES;
				GCC_WARN_64_TO_32_BIT_CONVERSION = YES;
				GCC_WARN_ABOUT_RETURN_TYPE = YES_ERROR;
				GCC_WARN_UNDECLARED_SELECTOR = YES;
				GCC_WARN_UNINITIALIZED_AUTOS = YES_AGGRESSIVE;
				GCC_WARN_UNUSED_FUNCTION = YES;
				GCC_WARN_UNUSED_VARIABLE = YES;
				IPHONEOS_DEPLOYMENT_TARGET = 17.2;
				LOCALIZATION_PREFERS_STRING_CATALOGS = YES;
				MTL_ENABLE_DEBUG_INFO = NO;
				MTL_FAST_MATH = YES;
				SDKROOT = iphoneos;
				SWIFT_COMPILATION_MODE = wholemodule;
				VALIDATE_PRODUCT = YES;
			};
			name = Release;
		};
		2080F1A02B4299E200DF0742 /* Debug */ = {
			isa = XCBuildConfiguration;
			buildSettings = {
				ASSETCATALOG_COMPILER_APPICON_NAME = AppIcon;
				ASSETCATALOG_COMPILER_GLOBAL_ACCENT_COLOR_NAME = AccentColor;
				CODE_SIGN_STYLE = Automatic;
				CURRENT_PROJECT_VERSION = 1;
				DEVELOPMENT_ASSET_PATHS = "\"SwiftActor/Preview Content\"";
				ENABLE_PREVIEWS = YES;
				GENERATE_INFOPLIST_FILE = YES;
				INFOPLIST_KEY_UIApplicationSceneManifest_Generation = YES;
				INFOPLIST_KEY_UIApplicationSupportsIndirectInputEvents = YES;
				INFOPLIST_KEY_UILaunchScreen_Generation = YES;
				INFOPLIST_KEY_UISupportedInterfaceOrientations_iPad = "UIInterfaceOrientationPortrait UIInterfaceOrientationPortraitUpsideDown UIInterfaceOrientationLandscapeLeft UIInterfaceOrientationLandscapeRight";
				INFOPLIST_KEY_UISupportedInterfaceOrientations_iPhone = "UIInterfaceOrientationPortrait UIInterfaceOrientationLandscapeLeft UIInterfaceOrientationLandscapeRight";
				LD_RUNPATH_SEARCH_PATHS = (
					"$(inherited)",
					"@executable_path/Frameworks",
				);
				MARKETING_VERSION = 1.0;
				PRODUCT_BUNDLE_IDENTIFIER = SwiftActor.SwiftActor;
				PRODUCT_NAME = "$(TARGET_NAME)";
				SWIFT_EMIT_LOC_STRINGS = YES;
				SWIFT_VERSION = 5.0;
				TARGETED_DEVICE_FAMILY = "1,2";
			};
			name = Debug;
		};
		2080F1A12B4299E200DF0742 /* Release */ = {
			isa = XCBuildConfiguration;
			buildSettings = {
				ASSETCATALOG_COMPILER_APPICON_NAME = AppIcon;
				ASSETCATALOG_COMPILER_GLOBAL_ACCENT_COLOR_NAME = AccentColor;
				CODE_SIGN_STYLE = Automatic;
				CURRENT_PROJECT_VERSION = 1;
				DEVELOPMENT_ASSET_PATHS = "\"SwiftActor/Preview Content\"";
				ENABLE_PREVIEWS = YES;
				GENERATE_INFOPLIST_FILE = YES;
				INFOPLIST_KEY_UIApplicationSceneManifest_Generation = YES;
				INFOPLIST_KEY_UIApplicationSupportsIndirectInputEvents = YES;
				INFOPLIST_KEY_UILaunchScreen_Generation = YES;
				INFOPLIST_KEY_UISupportedInterfaceOrientations_iPad = "UIInterfaceOrientationPortrait UIInterfaceOrientationPortraitUpsideDown UIInterfaceOrientationLandscapeLeft UIInterfaceOrientationLandscapeRight";
				INFOPLIST_KEY_UISupportedInterfaceOrientations_iPhone = "UIInterfaceOrientationPortrait UIInterfaceOrientationLandscapeLeft UIInterfaceOrientationLandscapeRight";
				LD_RUNPATH_SEARCH_PATHS = (
					"$(inherited)",
					"@executable_path/Frameworks",
				);
				MARKETING_VERSION = 1.0;
				PRODUCT_BUNDLE_IDENTIFIER = SwiftActor.SwiftActor;
				PRODUCT_NAME = "$(TARGET_NAME)";
				SWIFT_EMIT_LOC_STRINGS = YES;
				SWIFT_VERSION = 5.0;
				TARGETED_DEVICE_FAMILY = "1,2";
			};
			name = Release;
		};
/* End XCBuildConfiguration section */

/* Begin XCConfigurationList section */
		2080F18C2B4299E100DF0742 /* Build configuration list for PBXProject "SwiftActor" */ = {
			isa = XCConfigurationList;
			buildConfigurations = (
				2080F19D2B4299E200DF0742 /* Debug */,
				2080F19E2B4299E200DF0742 /* Release */,
			);
			defaultConfigurationIsVisible = 0;
			defaultConfigurationName = Release;
		};
		2080F19F2B4299E200DF0742 /* Build configuration list for PBXNativeTarget "SwiftActor" */ = {
			isa = XCConfigurationList;
			buildConfigurations = (
				2080F1A02B4299E200DF0742 /* Debug */,
				2080F1A12B4299E200DF0742 /* Release */,
			);
			defaultConfigurationIsVisible = 0;
			defaultConfigurationName = Release;
		};
/* End XCConfigurationList section */
	};
	rootObject = 2080F1892B4299E100DF0742 /* Project object */;
}
